
Microsoft Visual Studio Solution File, Format Version 12.00
# Visual Studio Version 18
VisualStudioVersion = 18.6.11822.322
MinimumVisualStudioVersion = 10.0.40219.1
Project("{2150E333-8FDC-42A3-9474-1A3956D46DE8}") = "src", "src", "{827E0CD3-B72D-47B6-A68D-7590B98EB39B}"
EndProject
Project("{2150E333-8FDC-42A3-9474-1A3956D46DE8}") = "shared", "shared", "{C8E42992-5E42-0C2B-DBFE-AA848D06431C}"
EndProject
Project("{FAE04EC0-301F-11D3-BF4B-00C04F79EFBC}") = "App.Infrastructure", "src\shared\App.Infrastructure\App.Infrastructure.csproj", "{213A4808-692A-473F-9432-9442064C15A7}"
EndProject
Project("{FAE04EC0-301F-11D3-BF4B-00C04F79EFBC}") = "App.Domain", "src\shared\App.Domain\App.Domain.csproj", "{0EC73FFF-212B-4345-9C4F-DDAAAC3D9903}"
EndProject
Project("{FAE04EC0-301F-11D3-BF4B-00C04F79EFBC}") = "App.Core", "src\shared\App.Core\App.Core.csproj", "{7D445506-A53E-4B1D-817E-8B56C4C1788C}"
EndProject
Project("{2150E333-8FDC-42A3-9474-1A3956D46DE8}") = "database", "database", "{76D67ED7-F942-09D1-EB9C-5DD1CD93BD2D}"
EndProject
Project("{00D1A9C2-B5F0-4AF3-8072-F6C62B433612}") = "BaseApp", "src\database\BaseApp.sqlproj", "{E728BF43-1B3D-4BA1-A906-7AC190E20447}"
EndProject
Project("{2150E333-8FDC-42A3-9474-1A3956D46DE8}") = "test", "test", "{1C46D888-F4A0-455A-B8F3-6E308D789BED}"
EndProject
Project("{FAE04EC0-301F-11D3-BF4B-00C04F79EFBC}") = "App.Domain.Tests", "test\App.Domain.Tests\App.Domain.Tests.csproj", "{D1BFEBF3-CA7E-40A1-8C1D-8FF91B7ADFAF}"
EndProject
Project("{FAE04EC0-301F-11D3-BF4B-00C04F79EFBC}") = "App.Core.Tests", "test\App.Core.Tests\App.Core.Tests.csproj", "{890C9DBB-4E6A-45E1-AF59-C20D115F0398}"
EndProject
Project("{FAE04EC0-301F-11D3-BF4B-00C04F79EFBC}") = "App.Infrastructure.IntegrationTests", "test\App.Infrastructure.IntegrationTests\App.Infrastructure.IntegrationTests.csproj", "{70F48BE1-927F-4A73-BE33-4409498C3EFF}"
EndProject
Project("{FAE04EC0-301F-11D3-BF4B-00C04F79EFBC}") = "App.TestHelper", "test\App.TestHelper\App.TestHelper.csproj", "{74B4CCFF-9F88-4D5F-9706-C588232F0443}"
EndProject
Project("{FAE04EC0-301F-11D3-BF4B-00C04F79EFBC}") = "App.Persistence", "src\shared\App.Persistence\App.Persistence.csproj", "{9B290830-CF81-4C25-8391-679660BF1034}"
EndProject
Project("{2150E333-8FDC-42A3-9474-1A3956D46DE8}") = "app", "app", "{547E75E0-49BC-27F6-65D6-DF25CFFB661A}"
EndProject
Project("{FAE04EC0-301F-11D3-BF4B-00C04F79EFBC}") = "Auth.Api", "src\app\Auth.Api\Auth.Api.csproj", "{08AE61B3-EEEF-4CB6-AD1B-F8DBFBDA6AE4}"
EndProject
Global
	GlobalSection(SolutionConfigurationPlatforms) = preSolution
		Debug|Any CPU = Debug|Any CPU
		Debug|x64 = Debug|x64
		Debug|x86 = Debug|x86
		Release|Any CPU = Release|Any CPU
		Release|x64 = Release|x64
		Release|x86 = Release|x86
	EndGlobalSection
	GlobalSection(ProjectConfigurationPlatforms) = postSolution
		{213A4808-692A-473F-9432-9442064C15A7}.Debug|Any CPU.ActiveCfg = Debug|Any CPU
		{213A4808-692A-473F-9432-9442064C15A7}.Debug|Any CPU.Build.0 = Debug|Any CPU
		{213A4808-692A-473F-9432-9442064C15A7}.Debug|x64.ActiveCfg = Debug|Any CPU
		{213A4808-692A-473F-9432-9442064C15A7}.Debug|x64.Build.0 = Debug|Any CPU
		{213A4808-692A-473F-9432-9442064C15A7}.Debug|x86.ActiveCfg = Debug|Any CPU
		{213A4808-692A-473F-9432-9442064C15A7}.Debug|x86.Build.0 = Debug|Any CPU
		{213A4808-692A-473F-9432-9442064C15A7}.Release|Any CPU.ActiveCfg = Release|Any CPU
		{213A4808-692A-473F-9432-9442064C15A7}.Release|Any CPU.Build.0 = Release|Any CPU
		{213A4808-692A-473F-9432-9442064C15A7}.Release|x64.ActiveCfg = Release|Any CPU
		{213A4808-692A-473F-9432-9442064C15A7}.Release|x64.Build.0 = Release|Any CPU
		{213A4808-692A-473F-9432-9442064C15A7}.Release|x86.ActiveCfg = Release|Any CPU
		{213A4808-692A-473F-9432-9442064C15A7}.Release|x86.Build.0 = Release|Any CPU
		{0EC73FFF-212B-4345-9C4F-DDAAAC3D9903}.Debug|Any CPU.ActiveCfg = Debug|Any CPU
		{0EC73FFF-212B-4345-9C4F-DDAAAC3D9903}.Debug|Any CPU.Build.0 = Debug|Any CPU
		{0EC73FFF-212B-4345-9C4F-DDAAAC3D9903}.Debug|x64.ActiveCfg = Debug|Any CPU
		{0EC73FFF-212B-4345-9C4F-DDAAAC3D9903}.Debug|x64.Build.0 = Debug|Any CPU
		{0EC73FFF-212B-4345-9C4F-DDAAAC3D9903}.Debug|x86.ActiveCfg = Debug|Any CPU
		{0EC73FFF-212B-4345-9C4F-DDAAAC3D9903}.Debug|x86.Build.0 = Debug|Any CPU
		{0EC73FFF-212B-4345-9C4F-DDAAAC3D9903}.Release|Any CPU.ActiveCfg = Release|Any CPU
		{0EC73FFF-212B-4345-9C4F-DDAAAC3D9903}.Release|Any CPU.Build.0 = Release|Any CPU
		{0EC73FFF-212B-4345-9C4F-DDAAAC3D9903}.Release|x64.ActiveCfg = Release|Any CPU
		{0EC73FFF-212B-4345-9C4F-DDAAAC3D9903}.Release|x64.Build.0 = Release|Any CPU
		{0EC73FFF-212B-4345-9C4F-DDAAAC3D9903}.Release|x86.ActiveCfg = Release|Any CPU
		{0EC73FFF-212B-4345-9C4F-DDAAAC3D9903}.Release|x86.Build.0 = Release|Any CPU
		{7D445506-A53E-4B1D-817E-8B56C4C1788C}.Debug|Any CPU.ActiveCfg = Debug|Any CPU
		{7D445506-A53E-4B1D-817E-8B56C4C1788C}.Debug|Any CPU.Build.0 = Debug|Any CPU
		{7D445506-A53E-4B1D-817E-8B56C4C1788C}.Debug|x64.ActiveCfg = Debug|Any CPU
		{7D445506-A53E-4B1D-817E-8B56C4C1788C}.Debug|x64.Build.0 = Debug|Any CPU
		{7D445506-A53E-4B1D-817E-8B56C4C1788C}.Debug|x86.ActiveCfg = Debug|Any CPU
		{7D445506-A53E-4B1D-817E-8B56C4C1788C}.Debug|x86.Build.0 = Debug|Any CPU
		{7D445506-A53E-4B1D-817E-8B56C4C1788C}.Release|Any CPU.ActiveCfg = Release|Any CPU
		{7D445506-A53E-4B1D-817E-8B56C4C1788C}.Release|Any CPU.Build.0 = Release|Any CPU
		{7D445506-A53E-4B1D-817E-8B56C4C1788C}.Release|x64.ActiveCfg = Release|Any CPU
		{7D445506-A53E-4B1D-817E-8B56C4C1788C}.Release|x64.Build.0 = Release|Any CPU
		{7D445506-A53E-4B1D-817E-8B56C4C1788C}.Release|x86.ActiveCfg = Release|Any CPU
		{7D445506-A53E-4B1D-817E-8B56C4C1788C}.Release|x86.Build.0 = Release|Any CPU
		{E728BF43-1B3D-4BA1-A906-7AC190E20447}.Debug|Any CPU.ActiveCfg = Debug|Any CPU
		{E728BF43-1B3D-4BA1-A906-7AC190E20447}.Debug|Any CPU.Build.0 = Debug|Any CPU
		{E728BF43-1B3D-4BA1-A906-7AC190E20447}.Debug|x64.ActiveCfg = Debug|Any CPU
		{E728BF43-1B3D-4BA1-A906-7AC190E20447}.Debug|x64.Build.0 = Debug|Any CPU
		{E728BF43-1B3D-4BA1-A906-7AC190E20447}.Debug|x86.ActiveCfg = Debug|Any CPU
		{E728BF43-1B3D-4BA1-A906-7AC190E20447}.Debug|x86.Build.0 = Debug|Any CPU
		{E728BF43-1B3D-4BA1-A906-7AC190E20447}.Release|Any CPU.ActiveCfg = Release|Any CPU
		{E728BF43-1B3D-4BA1-A906-7AC190E20447}.Release|Any CPU.Build.0 = Release|Any CPU
		{E728BF43-1B3D-4BA1-A906-7AC190E20447}.Release|x64.ActiveCfg = Release|Any CPU
		{E728BF43-1B3D-4BA1-A906-7AC190E20447}.Release|x64.Build.0 = Release|Any CPU
		{E728BF43-1B3D-4BA1-A906-7AC190E20447}.Release|x86.ActiveCfg = Release|Any CPU
		{E728BF43-1B3D-4BA1-A906-7AC190E20447}.Release|x86.Build.0 = Release|Any CPU
		{D1BFEBF3-CA7E-40A1-8C1D-8FF91B7ADFAF}.Debug|Any CPU.ActiveCfg = Debug|Any CPU
		{D1BFEBF3-CA7E-40A1-8C1D-8FF91B7ADFAF}.Debug|Any CPU.Build.0 = Debug|Any CPU
		{D1BFEBF3-CA7E-40A1-8C1D-8FF91B7ADFAF}.Debug|x64.ActiveCfg = Debug|Any CPU
		{D1BFEBF3-CA7E-40A1-8C1D-8FF91B7ADFAF}.Debug|x64.Build.0 = Debug|Any CPU
		{D1BFEBF3-CA7E-40A1-8C1D-8FF91B7ADFAF}.Debug|x86.ActiveCfg = Debug|Any CPU
		{D1BFEBF3-CA7E-40A1-8C1D-8FF91B7ADFAF}.Debug|x86.Build.0 = Debug|Any CPU
		{D1BFEBF3-CA7E-40A1-8C1D-8FF91B7ADFAF}.Release|Any CPU.ActiveCfg = Release|Any CPU
		{D1BFEBF3-CA7E-40A1-8C1D-8FF91B7ADFAF}.Release|Any CPU.Build.0 = Release|Any CPU
		{D1BFEBF3-CA7E-40A1-8C1D-8FF91B7ADFAF}.Release|x64.ActiveCfg = Release|Any CPU
		{D1BFEBF3-CA7E-40A1-8C1D-8FF91B7ADFAF}.Release|x64.Build.0 = Release|Any CPU
		{D1BFEBF3-CA7E-40A1-8C1D-8FF91B7ADFAF}.Release|x86.ActiveCfg = Release|Any CPU
		{D1BFEBF3-CA7E-40A1-8C1D-8FF91B7ADFAF}.Release|x86.Build.0 = Release|Any CPU
		{890C9DBB-4E6A-45E1-AF59-C20D115F0398}.Debug|Any CPU.ActiveCfg = Debug|Any CPU
		{890C9DBB-4E6A-45E1-AF59-C20D115F0398}.Debug|Any CPU.Build.0 = Debug|Any CPU
		{890C9DBB-4E6A-45E1-AF59-C20D115F0398}.Debug|x64.ActiveCfg = Debug|Any CPU
		{890C9DBB-4E6A-45E1-AF59-C20D115F0398}.Debug|x64.Build.0 = Debug|Any CPU
		{890C9DBB-4E6A-45E1-AF59-C20D115F0398}.Debug|x86.ActiveCfg = Debug|Any CPU
		{890C9DBB-4E6A-45E1-AF59-C20D115F0398}.Debug|x86.Build.0 = Debug|Any CPU
		{890C9DBB-4E6A-45E1-AF59-C20D115F0398}.Release|Any CPU.ActiveCfg = Release|Any CPU
		{890C9DBB-4E6A-45E1-AF59-C20D115F0398}.Release|Any CPU.Build.0 = Release|Any CPU
		{890C9DBB-4E6A-45E1-AF59-C20D115F0398}.Release|x64.ActiveCfg = Release|Any CPU
		{890C9DBB-4E6A-45E1-AF59-C20D115F0398}.Release|x64.Build.0 = Release|Any CPU
		{890C9DBB-4E6A-45E1-AF59-C20D115F0398}.Release|x86.ActiveCfg = Release|Any CPU
		{890C9DBB-4E6A-45E1-AF59-C20D115F0398}.Release|x86.Build.0 = Release|Any CPU
		{70F48BE1-927F-4A73-BE33-4409498C3EFF}.Debug|Any CPU.ActiveCfg = Debug|Any CPU
		{70F48BE1-927F-4A73-BE33-4409498C3EFF}.Debug|Any CPU.Build.0 = Debug|Any CPU
		{70F48BE1-927F-4A73-BE33-4409498C3EFF}.Debug|x64.ActiveCfg = Debug|Any CPU
		{70F48BE1-927F-4A73-BE33-4409498C3EFF}.Debug|x64.Build.0 = Debug|Any CPU
		{70F48BE1-927F-4A73-BE33-4409498C3EFF}.Debug|x86.ActiveCfg = Debug|Any CPU
		{70F48BE1-927F-4A73-BE33-4409498C3EFF}.Debug|x86.Build.0 = Debug|Any CPU
		{70F48BE1-927F-4A73-BE33-4409498C3EFF}.Release|Any CPU.ActiveCfg = Release|Any CPU
		{70F48BE1-927F-4A73-BE33-4409498C3EFF}.Release|Any CPU.Build.0 = Release|Any CPU
		{70F48BE1-927F-4A73-BE33-4409498C3EFF}.Release|x64.ActiveCfg = Release|Any CPU
		{70F48BE1-927F-4A73-BE33-4409498C3EFF}.Release|x64.Build.0 = Release|Any CPU
		{70F48BE1-927F-4A73-BE33-4409498C3EFF}.Release|x86.ActiveCfg = Release|Any CPU
		{70F48BE1-927F-4A73-BE33-4409498C3EFF}.Release|x86.Build.0 = Release|Any CPU
		{74B4CCFF-9F88-4D5F-9706-C588232F0443}.Debug|Any CPU.ActiveCfg = Debug|Any CPU
		{74B4CCFF-9F88-4D5F-9706-C588232F0443}.Debug|Any CPU.Build.0 = Debug|Any CPU
		{74B4CCFF-9F88-4D5F-9706-C588232F0443}.Debug|x64.ActiveCfg = Debug|Any CPU
		{74B4CCFF-9F88-4D5F-9706-C588232F0443}.Debug|x64.Build.0 = Debug|Any CPU
		{74B4CCFF-9F88-4D5F-9706-C588232F0443}.Debug|x86.ActiveCfg = Debug|Any CPU
		{74B4CCFF-9F88-4D5F-9706-C588232F0443}.Debug|x86.Build.0 = Debug|Any CPU
		{74B4CCFF-9F88-4D5F-9706-C588232F0443}.Release|Any CPU.ActiveCfg = Release|Any CPU
		{74B4CCFF-9F88-4D5F-9706-C588232F0443}.Release|Any CPU.Build.0 = Release|Any CPU
		{74B4CCFF-9F88-4D5F-9706-C588232F0443}.Release|x64.ActiveCfg = Release|Any CPU
		{74B4CCFF-9F88-4D5F-9706-C588232F0443}.Release|x64.Build.0 = Release|Any CPU
		{74B4CCFF-9F88-4D5F-9706-C588232F0443}.Release|x86.ActiveCfg = Release|Any CPU
		{74B4CCFF-9F88-4D5F-9706-C588232F0443}.Release|x86.Build.0 = Release|Any CPU
		{9B290830-CF81-4C25-8391-679660BF1034}.Debug|Any CPU.ActiveCfg = Debug|Any CPU
		{9B290830-CF81-4C25-8391-679660BF1034}.Debug|Any CPU.Build.0 = Debug|Any CPU
		{9B290830-CF81-4C25-8391-679660BF1034}.Debug|x64.ActiveCfg = Debug|Any CPU
		{9B290830-CF81-4C25-8391-679660BF1034}.Debug|x64.Build.0 = Debug|Any CPU
		{9B290830-CF81-4C25-8391-679660BF1034}.Debug|x86.ActiveCfg = Debug|Any CPU
		{9B290830-CF81-4C25-8391-679660BF1034}.Debug|x86.Build.0 = Debug|Any CPU
		{9B290830-CF81-4C25-8391-679660BF1034}.Release|Any CPU.ActiveCfg = Release|Any CPU
		{9B290830-CF81-4C25-8391-679660BF1034}.Release|Any CPU.Build.0 = Release|Any CPU
		{9B290830-CF81-4C25-8391-679660BF1034}.Release|x64.ActiveCfg = Release|Any CPU
		{9B290830-CF81-4C25-8391-679660BF1034}.Release|x64.Build.0 = Release|Any CPU
		{9B290830-CF81-4C25-8391-679660BF1034}.Release|x86.ActiveCfg = Release|Any CPU
		{9B290830-CF81-4C25-8391-679660BF1034}.Release|x86.Build.0 = Release|Any CPU
		{08AE61B3-EEEF-4CB6-AD1B-F8DBFBDA6AE4}.Debug|Any CPU.ActiveCfg = Debug|Any CPU
		{08AE61B3-EEEF-4CB6-AD1B-F8DBFBDA6AE4}.Debug|Any CPU.Build.0 = Debug|Any CPU
		{08AE61B3-EEEF-4CB6-AD1B-F8DBFBDA6AE4}.Debug|x64.ActiveCfg = Debug|Any CPU
		{08AE61B3-EEEF-4CB6-AD1B-F8DBFBDA6AE4}.Debug|x64.Build.0 = Debug|Any CPU
		{08AE61B3-EEEF-4CB6-AD1B-F8DBFBDA6AE4}.Debug|x86.ActiveCfg = Debug|Any CPU
		{08AE61B3-EEEF-4CB6-AD1B-F8DBFBDA6AE4}.Debug|x86.Build.0 = Debug|Any CPU
		{08AE61B3-EEEF-4CB6-AD1B-F8DBFBDA6AE4}.Release|Any CPU.ActiveCfg = Release|Any CPU
		{08AE61B3-EEEF-4CB6-AD1B-F8DBFBDA6AE4}.Release|Any CPU.Build.0 = Release|Any CPU
		{08AE61B3-EEEF-4CB6-AD1B-F8DBFBDA6AE4}.Release|x64.ActiveCfg = Release|Any CPU
		{08AE61B3-EEEF-4CB6-AD1B-F8DBFBDA6AE4}.Release|x64.Build.0 = Release|Any CPU
		{08AE61B3-EEEF-4CB6-AD1B-F8DBFBDA6AE4}.Release|x86.ActiveCfg = Release|Any CPU
		{08AE61B3-EEEF-4CB6-AD1B-F8DBFBDA6AE4}.Release|x86.Build.0 = Release|Any CPU
	EndGlobalSection
	GlobalSection(SolutionProperties) = preSolution
		HideSolutionNode = FALSE
	EndGlobalSection
	GlobalSection(NestedProjects) = preSolution
		{C8E42992-5E42-0C2B-DBFE-AA848D06431C} = {827E0CD3-B72D-47B6-A68D-7590B98EB39B}
		{213A4808-692A-473F-9432-9442064C15A7} = {C8E42992-5E42-0C2B-DBFE-AA848D06431C}
		{0EC73FFF-212B-4345-9C4F-DDAAAC3D9903} = {C8E42992-5E42-0C2B-DBFE-AA848D06431C}
		{7D445506-A53E-4B1D-817E-8B56C4C1788C} = {C8E42992-5E42-0C2B-DBFE-AA848D06431C}
		{76D67ED7-F942-09D1-EB9C-5DD1CD93BD2D} = {827E0CD3-B72D-47B6-A68D-7590B98EB39B}
		{E728BF43-1B3D-4BA1-A906-7AC190E20447} = {76D67ED7-F942-09D1-EB9C-5DD1CD93BD2D}
		{D1BFEBF3-CA7E-40A1-8C1D-8FF91B7ADFAF} = {1C46D888-F4A0-455A-B8F3-6E308D789BED}
		{890C9DBB-4E6A-45E1-AF59-C20D115F0398} = {1C46D888-F4A0-455A-B8F3-6E308D789BED}
		{70F48BE1-927F-4A73-BE33-4409498C3EFF} = {1C46D888-F4A0-455A-B8F3-6E308D789BED}
		{74B4CCFF-9F88-4D5F-9706-C588232F0443} = {1C46D888-F4A0-455A-B8F3-6E308D789BED}
		{9B290830-CF81-4C25-8391-679660BF1034} = {C8E42992-5E42-0C2B-DBFE-AA848D06431C}
		{547E75E0-49BC-27F6-65D6-DF25CFFB661A} = {827E0CD3-B72D-47B6-A68D-7590B98EB39B}
		{08AE61B3-EEEF-4CB6-AD1B-F8DBFBDA6AE4} = {547E75E0-49BC-27F6-65D6-DF25CFFB661A}
	EndGlobalSection
	GlobalSection(ExtensibilityGlobals) = postSolution
		SolutionGuid = {2581A00E-FFCB-4472-B160-FF740BE9676D}
	EndGlobalSection
EndGlobal
